
Microsoft Visual Studio Solution File, Format Version 12.00
# Visual Studio 2015
Project("{FAE04EC0-301F-11D3-BF4B-00C04F79EFBC}") = "p1_project.CSharp", "p1_project.CSharp.csproj", "{8BB5C012-600B-3E4F-D6A6-51EFDA885A37}"
EndProject
Global
	GlobalSection(SolutionConfigurationPlatforms) = preSolution
		Debug|Any CPU = Debug|Any CPU
		Release|Any CPU = Release|Any CPU
	EndGlobalSection
	GlobalSection(ProjectConfigurationPlatforms) = postSolution
		{8BB5C012-600B-3E4F-D6A6-51EFDA885A37}.Debug|Any CPU.ActiveCfg = Debug|Any CPU
		{8BB5C012-600B-3E4F-D6A6-51EFDA885A37}.Debug|Any CPU.Build.0 = Debug|Any CPU
		{8BB5C012-600B-3E4F-D6A6-51EFDA885A37}.Release|Any CPU.ActiveCfg = Release|Any CPU
		{8BB5C012-600B-3E4F-D6A6-51EFDA885A37}.Release|Any CPU.Build.0 = Release|Any CPU
	EndGlobalSection
	GlobalSection(SolutionProperties) = preSolution
		HideSolutionNode = FALSE
	EndGlobalSection
EndGlobal
